<Solution>
  <Folder Name="/MicroServices/" />
  <Folder Name="/MicroServices/CartService/">
    <Project Path="_Services_/CartService/DigiStore.CartService.Application/DigiStore.CartService.Application.csproj" Id="6fb31b29-4d71-4352-91b4-cdd42c48d6d0" />
    <Project Path="_Services_/CartService/DigiStore.CartService.Contracts/DigiStore.CartService.Contracts.csproj" Id="fcf62d38-a334-4299-a533-fe88c3c0e52e" />
    <Project Path="_Services_/CartService/DigiStore.CartService.Domain/DigiStore.CartService.Domain.csproj" Id="1423e615-16c5-472c-a9dd-7733d455ea02" />
    <Project Path="_Services_/CartService/DigiStore.CartService.Infrastructure/DigiStore.CartService.Infrastructure.csproj" Id="bf53a545-334c-41b7-9666-a3264439594e" />
    <Project Path="_Services_/CartService/DigiStore.CartService.Web/DigiStore.CartService.Web.csproj" Id="109f8ae8-e190-495f-95fa-802a99c1cb4e" />
  </Folder>
  <Folder Name="/MicroServices/CatalogService/">
    <Project Path="_Services_/CatalogService/DigiStore.CatalogService.Application/DigiStore.CatalogService.Application.csproj" Id="ec81e5b6-4dae-4899-b59a-72d1ddb94ebd" />
    <Project Path="_Services_/CatalogService/DigiStore.CatalogService.Contracts/DigiStore.CatalogService.Contracts.csproj" Id="b727c221-2a5a-46db-a1c6-b4f299d0736f" />
    <Project Path="_Services_/CatalogService/DigiStore.CatalogService.Domain/DigiStore.CatalogService.Domain.csproj" Id="639aacab-c091-47ea-9d95-049ace8a7d6e" />
    <Project Path="_Services_/CatalogService/DigiStore.CatalogService.Infrastructure/DigiStore.CatalogService.Infrastructure.csproj" Id="c324d7b9-f56e-45e6-9ea1-8a0ecd4e701b" />
    <Project Path="_Services_/CatalogService/DigiStore.CatalogService.Web/DigiStore.CatalogService.Web.csproj" Id="50bb0acc-3f72-40be-89c5-8edfbc6684e1" />
  </Folder>
  <Folder Name="/MicroServices/OrderService/">
    <Project Path="_Services_/OrderService/DigiStore.OrderService.Application/DigiStore.OrderService.Application.csproj" Id="0e19d2c3-f68f-4dcd-b9c5-a6cc7628983c" />
    <Project Path="_Services_/OrderService/DigiStore.OrderService.Contracts/DigiStore.OrderService.Contracts.csproj" Id="b75df5e9-8c1e-4dd8-843f-a46a8ef3295a" />
    <Project Path="_Services_/OrderService/DigiStore.OrderService.Domain/DigiStore.OrderService.Domain.csproj" Id="c33b1521-a52e-4fd0-9ede-bafaa84eb96b" />
    <Project Path="_Services_/OrderService/DigiStore.OrderService.Infrastructure/DigiStore.OrderService.Infrastructure.csproj" Id="91acc618-cfcb-4337-8643-848baf553305" />
    <Project Path="_Services_/OrderService/DigiStore.OrderService.Web/DigiStore.OrderService.Web.csproj" Id="5b7feb18-db9f-4999-b2c7-cb16f380c0cb" />
  </Folder>
  <Folder Name="/MicroServices/UserService/">
    <Project Path="_Services_/UserService/DigiStore.UserService.Application/DigiStore.UserService.Application.csproj" Id="a8d69686-789c-453b-b876-c2dd603ffcde" />
    <Project Path="_Services_/UserService/DigiStore.UserService.Contracts/DigiStore.UserService.Contracts.csproj" Id="73860934-724d-494c-ab32-aee5baa7198b" />
    <Project Path="_Services_/UserService/DigiStore.UserService.Domain/DigiStore.UserService.Domain.csproj" Id="2e570eef-6d3f-4abc-aefb-1d7b13668cdf" />
    <Project Path="_Services_/UserService/DigiStore.UserService.Infrastructure.Postgres/DigiStore.UserService.Infrastructure.Postgres.csproj" Id="62652428-f4ea-44af-8881-05885cd41f51" />
    <Project Path="_Services_/UserService/DigiStore.UserService.Web/DigiStore.UserService.Web.csproj" Id="8398232d-41ef-497d-8294-221ed4f247ef" />
  </Folder>
  <Folder Name="/MicroServices/WalletService/">
    <Project Path="_Services_/WalletService/DigiStore.WalletService.Application/DigiStore.WalletService.Application.csproj" Id="5688cf11-5c05-41e5-86e0-96e359d6a0cb" />
    <Project Path="_Services_/WalletService/DigiStore.WalletService.Contracts/DigiStore.WalletService.Contracts.csproj" Id="8cab43d4-aa9a-4177-b04a-a34a1b28d0b5" />
    <Project Path="_Services_/WalletService/DigiStore.WalletService.Domain/DigiStore.WalletService.Domain.csproj" Id="9ede8557-dc33-4f45-a3c5-1d09b8ecbc53" />
    <Project Path="_Services_/WalletService/DigiStore.WalletService.Infrastructure.Postgres/DigiStore.WalletService.Infrastructure.Postgres.csproj" Id="b0e9a924-fb58-4b39-82e4-87ddf8720497" />
    <Project Path="_Services_/WalletService/DigiStore.WalletService.Infrastructure.Yookassa/DigiStore.WalletService.Infrastructure.Yookassa.csproj" Id="54a4635d-0a71-43b4-9166-721d6c3a2a6e" />
    <Project Path="_Services_/WalletService/DigiStore.WalletService.Web/DigiStore.WalletService.Web.csproj" Id="059e1c7a-cc45-4eb3-9c6c-22a3852d360f" />
  </Folder>
  <Folder Name="/Shared/">
    <Project Path="_Shared_/DigiStore.Enums/DigiStore.Enums.csproj" Id="bd9c37d9-f078-4f02-a2b1-c6ff22b6215b" />
  </Folder>
  <Folder Name="/Solution Items/">
    <File Path=".editorconfig" />
  </Folder>
  <Folder Name="/WebClients/" />
  <Folder Name="/WebClients/TgBot/">
    <Project Path="_WebClients_/TgBot/DigiStore.TgBot.Application/DigiStore.TgBot.Application.csproj" Id="38bb407e-5795-46af-bb1a-2abb70169983" />
    <Project Path="_WebClients_/TgBot/DigiStore.TgBot.Contracts/DigiStore.TgBot.Contracts.csproj" Id="976e0afa-b3cf-41b4-83e9-e32378edbef2" />
    <Project Path="_WebClients_/TgBot/DigiStore.TgBot.Domain/DigiStore.TgBot.Domain.csproj" Id="fddf286a-63f7-4136-ba10-00897649e218" />
    <Project Path="_WebClients_/TgBot/DigiStore.TgBot.Infrastructure.BotAPI/DigiStore.TgBot.Infrastructure.BotAPI.csproj" Id="0b7e6153-c2e9-4128-b227-99850c32dca4" />
    <Project Path="_WebClients_/TgBot/DigiStore.TgBot.Infrastructure.Postgres/DigiStore.TgBot.Infrastructure.Postgres.csproj" Id="6370bfba-7e9a-4e08-b50a-5962f489e730" />
    <Project Path="_WebClients_/TgBot/DigiStore.TgBot.Web/DigiStore.TgBot.Web.csproj" Id="e63927d7-be99-4d00-a8e4-af12dc7e322a" />
  </Folder>
  <Folder Name="/WebClients/VkBot/" />
  <Folder Name="/WebClients/WEB/" />
</Solution>
